
Microsoft Visual Studio Solution File, Format Version 12.00
# Visual Studio 2012
Project("{F2A71F9B-5D33-465A-A702-920D77279786}") = "VersionOne.CommandLine", "VersionOne.CommandLine\VersionOne.CommandLine.fsproj", "{88080028-1D44-4E31-95D2-5222B682D75F}"
EndProject
Global
	GlobalSection(SolutionConfigurationPlatforms) = preSolution
		Debug|Any CPU = Debug|Any CPU
		Release|Any CPU = Release|Any CPU
	EndGlobalSection
	GlobalSection(ProjectConfigurationPlatforms) = postSolution
		{88080028-1D44-4E31-95D2-5222B682D75F}.Debug|Any CPU.ActiveCfg = Debug|Any CPU
		{88080028-1D44-4E31-95D2-5222B682D75F}.Debug|Any CPU.Build.0 = Debug|Any CPU
		{88080028-1D44-4E31-95D2-5222B682D75F}.Release|Any CPU.ActiveCfg = Release|Any CPU
		{88080028-1D44-4E31-95D2-5222B682D75F}.Release|Any CPU.Build.0 = Release|Any CPU
	EndGlobalSection
	GlobalSection(SolutionProperties) = preSolution
		HideSolutionNode = FALSE
	EndGlobalSection
EndGlobal
